
Microsoft Visual Studio Solution File, Format Version 12.00
# Visual Studio Version 16
VisualStudioVersion = 16.0.30503.244
MinimumVisualStudioVersion = 10.0.40219.1
Project("{9A19103F-16F7-4668-BE54-9A1E7A4F7556}") = "MyTeam", "MyTeam\MyTeam.csproj", "{B9CFA26D-757F-44C5-8675-AAE496527DB3}"
EndProject
Project("{2150E333-8FDC-42A3-9474-1A3956D46DE8}") = "Solution Items", "Solution Items", "{152E224F-06A1-4524-98FB-DC15CF88D8EC}"
	ProjectSection(SolutionItems) = preProject
		.editorconfig = .editorconfig
	EndProjectSection
EndProject
Global
	GlobalSection(SolutionConfigurationPlatforms) = preSolution
		Debug|Any CPU = Debug|Any CPU
		Release|Any CPU = Release|Any CPU
	EndGlobalSection
	GlobalSection(ProjectConfigurationPlatforms) = postSolution
		{B9CFA26D-757F-44C5-8675-AAE496527DB3}.Debug|Any CPU.ActiveCfg = Debug|Any CPU
		{B9CFA26D-757F-44C5-8675-AAE496527DB3}.Debug|Any CPU.Build.0 = Debug|Any CPU
		{B9CFA26D-757F-44C5-8675-AAE496527DB3}.Release|Any CPU.ActiveCfg = Release|Any CPU
		{B9CFA26D-757F-44C5-8675-AAE496527DB3}.Release|Any CPU.Build.0 = Release|Any CPU
	EndGlobalSection
	GlobalSection(SolutionProperties) = preSolution
		HideSolutionNode = FALSE
	EndGlobalSection
	GlobalSection(ExtensibilityGlobals) = postSolution
		SolutionGuid = {60CB3ACF-F8C4-4E97-85D5-49DF20493F19}
	EndGlobalSection
EndGlobal
