
Microsoft Visual Studio Solution File, Format Version 12.00
# Visual Studio Version 16
VisualStudioVersion = 16.0.30503.244
MinimumVisualStudioVersion = 10.0.40219.1
Project("{FAE04EC0-301F-11D3-BF4B-00C04F79EFBC}") = "MyTeam", "MyTeam\MyTeam.csproj", "{B9CFA26D-757F-44C5-8675-AAE496527DB3}"
EndProject
Global
	GlobalSection(SolutionConfigurationPlatforms) = preSolution
		Debug|Any CPU = Debug|Any CPU
		Release|Any CPU = Release|Any CPU
	EndGlobalSection
	GlobalSection(ProjectConfigurationPlatforms) = postSolution
		{B9CFA26D-757F-44C5-8675-AAE496527DB3}.Debug|Any CPU.ActiveCfg = Debug|Any CPU
		{B9CFA26D-757F-44C5-8675-AAE496527DB3}.Debug|Any CPU.Build.0 = Debug|Any CPU
		{B9CFA26D-757F-44C5-8675-AAE496527DB3}.Release|Any CPU.ActiveCfg = Release|Any CPU
		{B9CFA26D-757F-44C5-8675-AAE496527DB3}.Release|Any CPU.Build.0 = Release|Any CPU
	EndGlobalSection
	GlobalSection(SolutionProperties) = preSolution
		HideSolutionNode = FALSE
	EndGlobalSection
	GlobalSection(ExtensibilityGlobals) = postSolution
		SolutionGuid = {60CB3ACF-F8C4-4E97-85D5-49DF20493F19}
	EndGlobalSection
EndGlobal
